
Microsoft Visual Studio Solution File, Format Version 12.00
# Visual Studio Version 16
VisualStudioVersion = 16.0.30011.22
MinimumVisualStudioVersion = 10.0.40219.1
Project("{FAE04EC0-301F-11D3-BF4B-00C04F79EFBC}") = "Seccion5", "Seccion5.csproj", "{F3BAD513-C3B3-4633-84D0-96E971EACF5D}"
EndProject
Project("{FAE04EC0-301F-11D3-BF4B-00C04F79EFBC}") = "CiclosFor", "..\CiclosFor\CiclosFor.csproj", "{C77620C0-B2A7-4F5D-A4CB-9F0578E7339C}"
EndProject
Project("{FAE04EC0-301F-11D3-BF4B-00C04F79EFBC}") = "DoWhileDemos", "..\DoWhileDemos\DoWhileDemos.csproj", "{D7F46D10-7850-4334-AC86-A2751E7EDB54}"
EndProject
Project("{2150E333-8FDC-42A3-9474-1A3956D46DE8}") = "Seccion6", "Seccion6", "{95B46BA0-BC53-42B6-A857-0BD6620341A7}"
EndProject
Project("{FAE04EC0-301F-11D3-BF4B-00C04F79EFBC}") = "Exepciones1Demos", "..\Exepciones1Demos\Exepciones1Demos.csproj", "{19AE7149-2C57-4B67-9F3A-334B36E25037}"
EndProject
Project("{FAE04EC0-301F-11D3-BF4B-00C04F79EFBC}") = "Exepciones2Demos", "..\Exepciones2Demos\Exepciones2Demos.csproj", "{AF6BEBAB-33E0-41FE-B0A5-8E96CFF82884}"
EndProject
Project("{2150E333-8FDC-42A3-9474-1A3956D46DE8}") = "Seccion7", "Seccion7", "{BEB57843-8BFD-49DC-BD4C-2A084983BAAC}"
EndProject
Project("{FAE04EC0-301F-11D3-BF4B-00C04F79EFBC}") = "ClasesDemo1", "..\ClasesDemo1\ClasesDemo1.csproj", "{271CD661-416A-4859-B786-226A5E8601E7}"
EndProject
Project("{2150E333-8FDC-42A3-9474-1A3956D46DE8}") = "Seccion8", "Seccion8", "{FA484C74-B838-4FED-88A1-A10A6E7157F8}"
EndProject
Project("{FAE04EC0-301F-11D3-BF4B-00C04F79EFBC}") = "TiposValorTiposReferencia", "..\TiposValorTiposReferencia\TiposValorTiposReferencia.csproj", "{D27FF620-ED05-4BB7-8ACB-37C0D4553E0B}"
EndProject
Project("{2150E333-8FDC-42A3-9474-1A3956D46DE8}") = "Seccion9", "Seccion9", "{903DF550-D3B7-443A-AA1C-C47F394F8F2D}"
EndProject
Project("{FAE04EC0-301F-11D3-BF4B-00C04F79EFBC}") = "EnumeracionesDemo", "..\EnumeracionesDemo\EnumeracionesDemo.csproj", "{89CF4852-D982-44B1-96C5-E0A88D5AA6D6}"
EndProject
Project("{2150E333-8FDC-42A3-9474-1A3956D46DE8}") = "Seeccion10", "Seeccion10", "{69005D3F-E6D1-415F-8417-47870189952F}"
EndProject
Project("{FAE04EC0-301F-11D3-BF4B-00C04F79EFBC}") = "EstructurasDemo", "..\EstructurasDemo\EstructurasDemo.csproj", "{CF50DAC2-C48A-4C30-B903-84D55CE3F2BD}"
EndProject
Project("{2150E333-8FDC-42A3-9474-1A3956D46DE8}") = "Seccion11", "Seccion11", "{8BFC16D3-2CFA-4BE0-B8C2-84797A5131A3}"
EndProject
Project("{FAE04EC0-301F-11D3-BF4B-00C04F79EFBC}") = "ArreglosDemo", "..\ArreglosDemo\ArreglosDemo.csproj", "{1D5DA60E-9BAA-49C2-ADAF-C21D53BC4656}"
EndProject
Project("{2150E333-8FDC-42A3-9474-1A3956D46DE8}") = "Seccion12", "Seccion12", "{A8408B97-B3F9-4BF6-A238-4A63713D23DE}"
EndProject
Project("{FAE04EC0-301F-11D3-BF4B-00C04F79EFBC}") = "paramsDemo", "..\paramsDemo\paramsDemo.csproj", "{2C3EC56F-915E-4E01-BF79-9F033AEFC359}"
EndProject
Project("{2150E333-8FDC-42A3-9474-1A3956D46DE8}") = "Seccion13", "Seccion13", "{20EAF7FA-12A3-486B-A14C-23DC5BA451C1}"
EndProject
Project("{FAE04EC0-301F-11D3-BF4B-00C04F79EFBC}") = "HerenciaDemo", "..\HerenciaDemo\HerenciaDemo.csproj", "{58EFCE48-AFFA-4469-885A-A89A853264B4}"
EndProject
Project("{2150E333-8FDC-42A3-9474-1A3956D46DE8}") = "Seccion14", "Seccion14", "{E8257C84-CD1F-4950-9C46-B4159FBDBCA5}"
EndProject
Project("{FAE04EC0-301F-11D3-BF4B-00C04F79EFBC}") = "InterfacesAbstractasDemo", "..\InterfacesAbstractasDemo\InterfacesAbstractasDemo.csproj", "{216FF00B-16CD-4380-AFA7-B3754048A642}"
EndProject
Project("{2150E333-8FDC-42A3-9474-1A3956D46DE8}") = "Seccion15", "Seccion15", "{3EE6C1F8-6FEB-45E4-A920-82F391F0A1FB}"
EndProject
Project("{FAE04EC0-301F-11D3-BF4B-00C04F79EFBC}") = "AdministracionRecursosDemo", "..\AdministracionRecursosDemo\AdministracionRecursosDemo.csproj", "{485F2A5E-ED0D-477E-938A-5B9C229FE52A}"
EndProject
Project("{2150E333-8FDC-42A3-9474-1A3956D46DE8}") = "Seccion18", "Seccion18", "{E9CA2C2C-A239-4FB2-B1DE-30B9015534E0}"
EndProject
Project("{FAE04EC0-301F-11D3-BF4B-00C04F79EFBC}") = "GenericDemo", "..\GenericDemo\GenericDemo.csproj", "{6AB1227A-CAC6-4473-A546-3A303553F710}"
EndProject
Project("{2150E333-8FDC-42A3-9474-1A3956D46DE8}") = "Seccion19", "Seccion19", "{70A335FB-C901-40F5-BDAF-2F56EB661751}"
EndProject
Project("{FAE04EC0-301F-11D3-BF4B-00C04F79EFBC}") = "ColeccionesDemo", "..\ColeccionesDemo\ColeccionesDemo.csproj", "{B53ECBB1-C462-417E-A95B-01D1ECCF01C6}"
EndProject
Global
	GlobalSection(SolutionConfigurationPlatforms) = preSolution
		Debug|Any CPU = Debug|Any CPU
		Debug|x86 = Debug|x86
		Release|Any CPU = Release|Any CPU
		Release|x86 = Release|x86
	EndGlobalSection
	GlobalSection(ProjectConfigurationPlatforms) = postSolution
		{F3BAD513-C3B3-4633-84D0-96E971EACF5D}.Debug|Any CPU.ActiveCfg = Debug|x86
		{F3BAD513-C3B3-4633-84D0-96E971EACF5D}.Debug|x86.ActiveCfg = Debug|x86
		{F3BAD513-C3B3-4633-84D0-96E971EACF5D}.Debug|x86.Build.0 = Debug|x86
		{F3BAD513-C3B3-4633-84D0-96E971EACF5D}.Release|Any CPU.ActiveCfg = Release|x86
		{F3BAD513-C3B3-4633-84D0-96E971EACF5D}.Release|x86.ActiveCfg = Release|x86
		{F3BAD513-C3B3-4633-84D0-96E971EACF5D}.Release|x86.Build.0 = Release|x86
		{C77620C0-B2A7-4F5D-A4CB-9F0578E7339C}.Debug|Any CPU.ActiveCfg = Debug|Any CPU
		{C77620C0-B2A7-4F5D-A4CB-9F0578E7339C}.Debug|Any CPU.Build.0 = Debug|Any CPU
		{C77620C0-B2A7-4F5D-A4CB-9F0578E7339C}.Debug|x86.ActiveCfg = Debug|Any CPU
		{C77620C0-B2A7-4F5D-A4CB-9F0578E7339C}.Debug|x86.Build.0 = Debug|Any CPU
		{C77620C0-B2A7-4F5D-A4CB-9F0578E7339C}.Release|Any CPU.ActiveCfg = Release|Any CPU
		{C77620C0-B2A7-4F5D-A4CB-9F0578E7339C}.Release|Any CPU.Build.0 = Release|Any CPU
		{C77620C0-B2A7-4F5D-A4CB-9F0578E7339C}.Release|x86.ActiveCfg = Release|Any CPU
		{C77620C0-B2A7-4F5D-A4CB-9F0578E7339C}.Release|x86.Build.0 = Release|Any CPU
		{D7F46D10-7850-4334-AC86-A2751E7EDB54}.Debug|Any CPU.ActiveCfg = Debug|Any CPU
		{D7F46D10-7850-4334-AC86-A2751E7EDB54}.Debug|Any CPU.Build.0 = Debug|Any CPU
		{D7F46D10-7850-4334-AC86-A2751E7EDB54}.Debug|x86.ActiveCfg = Debug|Any CPU
		{D7F46D10-7850-4334-AC86-A2751E7EDB54}.Debug|x86.Build.0 = Debug|Any CPU
		{D7F46D10-7850-4334-AC86-A2751E7EDB54}.Release|Any CPU.ActiveCfg = Release|Any CPU
		{D7F46D10-7850-4334-AC86-A2751E7EDB54}.Release|Any CPU.Build.0 = Release|Any CPU
		{D7F46D10-7850-4334-AC86-A2751E7EDB54}.Release|x86.ActiveCfg = Release|Any CPU
		{D7F46D10-7850-4334-AC86-A2751E7EDB54}.Release|x86.Build.0 = Release|Any CPU
		{19AE7149-2C57-4B67-9F3A-334B36E25037}.Debug|Any CPU.ActiveCfg = Debug|Any CPU
		{19AE7149-2C57-4B67-9F3A-334B36E25037}.Debug|Any CPU.Build.0 = Debug|Any CPU
		{19AE7149-2C57-4B67-9F3A-334B36E25037}.Debug|x86.ActiveCfg = Debug|Any CPU
		{19AE7149-2C57-4B67-9F3A-334B36E25037}.Debug|x86.Build.0 = Debug|Any CPU
		{19AE7149-2C57-4B67-9F3A-334B36E25037}.Release|Any CPU.ActiveCfg = Release|Any CPU
		{19AE7149-2C57-4B67-9F3A-334B36E25037}.Release|Any CPU.Build.0 = Release|Any CPU
		{19AE7149-2C57-4B67-9F3A-334B36E25037}.Release|x86.ActiveCfg = Release|Any CPU
		{19AE7149-2C57-4B67-9F3A-334B36E25037}.Release|x86.Build.0 = Release|Any CPU
		{AF6BEBAB-33E0-41FE-B0A5-8E96CFF82884}.Debug|Any CPU.ActiveCfg = Debug|Any CPU
		{AF6BEBAB-33E0-41FE-B0A5-8E96CFF82884}.Debug|Any CPU.Build.0 = Debug|Any CPU
		{AF6BEBAB-33E0-41FE-B0A5-8E96CFF82884}.Debug|x86.ActiveCfg = Debug|Any CPU
		{AF6BEBAB-33E0-41FE-B0A5-8E96CFF82884}.Debug|x86.Build.0 = Debug|Any CPU
		{AF6BEBAB-33E0-41FE-B0A5-8E96CFF82884}.Release|Any CPU.ActiveCfg = Release|Any CPU
		{AF6BEBAB-33E0-41FE-B0A5-8E96CFF82884}.Release|Any CPU.Build.0 = Release|Any CPU
		{AF6BEBAB-33E0-41FE-B0A5-8E96CFF82884}.Release|x86.ActiveCfg = Release|Any CPU
		{AF6BEBAB-33E0-41FE-B0A5-8E96CFF82884}.Release|x86.Build.0 = Release|Any CPU
		{271CD661-416A-4859-B786-226A5E8601E7}.Debug|Any CPU.ActiveCfg = Debug|Any CPU
		{271CD661-416A-4859-B786-226A5E8601E7}.Debug|Any CPU.Build.0 = Debug|Any CPU
		{271CD661-416A-4859-B786-226A5E8601E7}.Debug|x86.ActiveCfg = Debug|Any CPU
		{271CD661-416A-4859-B786-226A5E8601E7}.Debug|x86.Build.0 = Debug|Any CPU
		{271CD661-416A-4859-B786-226A5E8601E7}.Release|Any CPU.ActiveCfg = Release|Any CPU
		{271CD661-416A-4859-B786-226A5E8601E7}.Release|Any CPU.Build.0 = Release|Any CPU
		{271CD661-416A-4859-B786-226A5E8601E7}.Release|x86.ActiveCfg = Release|Any CPU
		{271CD661-416A-4859-B786-226A5E8601E7}.Release|x86.Build.0 = Release|Any CPU
		{D27FF620-ED05-4BB7-8ACB-37C0D4553E0B}.Debug|Any CPU.ActiveCfg = Debug|Any CPU
		{D27FF620-ED05-4BB7-8ACB-37C0D4553E0B}.Debug|Any CPU.Build.0 = Debug|Any CPU
		{D27FF620-ED05-4BB7-8ACB-37C0D4553E0B}.Debug|x86.ActiveCfg = Debug|Any CPU
		{D27FF620-ED05-4BB7-8ACB-37C0D4553E0B}.Debug|x86.Build.0 = Debug|Any CPU
		{D27FF620-ED05-4BB7-8ACB-37C0D4553E0B}.Release|Any CPU.ActiveCfg = Release|Any CPU
		{D27FF620-ED05-4BB7-8ACB-37C0D4553E0B}.Release|Any CPU.Build.0 = Release|Any CPU
		{D27FF620-ED05-4BB7-8ACB-37C0D4553E0B}.Release|x86.ActiveCfg = Release|Any CPU
		{D27FF620-ED05-4BB7-8ACB-37C0D4553E0B}.Release|x86.Build.0 = Release|Any CPU
		{89CF4852-D982-44B1-96C5-E0A88D5AA6D6}.Debug|Any CPU.ActiveCfg = Debug|Any CPU
		{89CF4852-D982-44B1-96C5-E0A88D5AA6D6}.Debug|Any CPU.Build.0 = Debug|Any CPU
		{89CF4852-D982-44B1-96C5-E0A88D5AA6D6}.Debug|x86.ActiveCfg = Debug|Any CPU
		{89CF4852-D982-44B1-96C5-E0A88D5AA6D6}.Debug|x86.Build.0 = Debug|Any CPU
		{89CF4852-D982-44B1-96C5-E0A88D5AA6D6}.Release|Any CPU.ActiveCfg = Release|Any CPU
		{89CF4852-D982-44B1-96C5-E0A88D5AA6D6}.Release|Any CPU.Build.0 = Release|Any CPU
		{89CF4852-D982-44B1-96C5-E0A88D5AA6D6}.Release|x86.ActiveCfg = Release|Any CPU
		{89CF4852-D982-44B1-96C5-E0A88D5AA6D6}.Release|x86.Build.0 = Release|Any CPU
		{CF50DAC2-C48A-4C30-B903-84D55CE3F2BD}.Debug|Any CPU.ActiveCfg = Debug|Any CPU
		{CF50DAC2-C48A-4C30-B903-84D55CE3F2BD}.Debug|Any CPU.Build.0 = Debug|Any CPU
		{CF50DAC2-C48A-4C30-B903-84D55CE3F2BD}.Debug|x86.ActiveCfg = Debug|Any CPU
		{CF50DAC2-C48A-4C30-B903-84D55CE3F2BD}.Debug|x86.Build.0 = Debug|Any CPU
		{CF50DAC2-C48A-4C30-B903-84D55CE3F2BD}.Release|Any CPU.ActiveCfg = Release|Any CPU
		{CF50DAC2-C48A-4C30-B903-84D55CE3F2BD}.Release|Any CPU.Build.0 = Release|Any CPU
		{CF50DAC2-C48A-4C30-B903-84D55CE3F2BD}.Release|x86.ActiveCfg = Release|Any CPU
		{CF50DAC2-C48A-4C30-B903-84D55CE3F2BD}.Release|x86.Build.0 = Release|Any CPU
		{1D5DA60E-9BAA-49C2-ADAF-C21D53BC4656}.Debug|Any CPU.ActiveCfg = Debug|Any CPU
		{1D5DA60E-9BAA-49C2-ADAF-C21D53BC4656}.Debug|Any CPU.Build.0 = Debug|Any CPU
		{1D5DA60E-9BAA-49C2-ADAF-C21D53BC4656}.Debug|x86.ActiveCfg = Debug|Any CPU
		{1D5DA60E-9BAA-49C2-ADAF-C21D53BC4656}.Debug|x86.Build.0 = Debug|Any CPU
		{1D5DA60E-9BAA-49C2-ADAF-C21D53BC4656}.Release|Any CPU.ActiveCfg = Release|Any CPU
		{1D5DA60E-9BAA-49C2-ADAF-C21D53BC4656}.Release|Any CPU.Build.0 = Release|Any CPU
		{1D5DA60E-9BAA-49C2-ADAF-C21D53BC4656}.Release|x86.ActiveCfg = Release|Any CPU
		{1D5DA60E-9BAA-49C2-ADAF-C21D53BC4656}.Release|x86.Build.0 = Release|Any CPU
		{2C3EC56F-915E-4E01-BF79-9F033AEFC359}.Debug|Any CPU.ActiveCfg = Debug|Any CPU
		{2C3EC56F-915E-4E01-BF79-9F033AEFC359}.Debug|Any CPU.Build.0 = Debug|Any CPU
		{2C3EC56F-915E-4E01-BF79-9F033AEFC359}.Debug|x86.ActiveCfg = Debug|Any CPU
		{2C3EC56F-915E-4E01-BF79-9F033AEFC359}.Debug|x86.Build.0 = Debug|Any CPU
		{2C3EC56F-915E-4E01-BF79-9F033AEFC359}.Release|Any CPU.ActiveCfg = Release|Any CPU
		{2C3EC56F-915E-4E01-BF79-9F033AEFC359}.Release|Any CPU.Build.0 = Release|Any CPU
		{2C3EC56F-915E-4E01-BF79-9F033AEFC359}.Release|x86.ActiveCfg = Release|Any CPU
		{2C3EC56F-915E-4E01-BF79-9F033AEFC359}.Release|x86.Build.0 = Release|Any CPU
		{58EFCE48-AFFA-4469-885A-A89A853264B4}.Debug|Any CPU.ActiveCfg = Debug|Any CPU
		{58EFCE48-AFFA-4469-885A-A89A853264B4}.Debug|Any CPU.Build.0 = Debug|Any CPU
		{58EFCE48-AFFA-4469-885A-A89A853264B4}.Debug|x86.ActiveCfg = Debug|Any CPU
		{58EFCE48-AFFA-4469-885A-A89A853264B4}.Debug|x86.Build.0 = Debug|Any CPU
		{58EFCE48-AFFA-4469-885A-A89A853264B4}.Release|Any CPU.ActiveCfg = Release|Any CPU
		{58EFCE48-AFFA-4469-885A-A89A853264B4}.Release|Any CPU.Build.0 = Release|Any CPU
		{58EFCE48-AFFA-4469-885A-A89A853264B4}.Release|x86.ActiveCfg = Release|Any CPU
		{58EFCE48-AFFA-4469-885A-A89A853264B4}.Release|x86.Build.0 = Release|Any CPU
		{216FF00B-16CD-4380-AFA7-B3754048A642}.Debug|Any CPU.ActiveCfg = Debug|Any CPU
		{216FF00B-16CD-4380-AFA7-B3754048A642}.Debug|Any CPU.Build.0 = Debug|Any CPU
		{216FF00B-16CD-4380-AFA7-B3754048A642}.Debug|x86.ActiveCfg = Debug|Any CPU
		{216FF00B-16CD-4380-AFA7-B3754048A642}.Debug|x86.Build.0 = Debug|Any CPU
		{216FF00B-16CD-4380-AFA7-B3754048A642}.Release|Any CPU.ActiveCfg = Release|Any CPU
		{216FF00B-16CD-4380-AFA7-B3754048A642}.Release|Any CPU.Build.0 = Release|Any CPU
		{216FF00B-16CD-4380-AFA7-B3754048A642}.Release|x86.ActiveCfg = Release|Any CPU
		{216FF00B-16CD-4380-AFA7-B3754048A642}.Release|x86.Build.0 = Release|Any CPU
		{485F2A5E-ED0D-477E-938A-5B9C229FE52A}.Debug|Any CPU.ActiveCfg = Debug|Any CPU
		{485F2A5E-ED0D-477E-938A-5B9C229FE52A}.Debug|Any CPU.Build.0 = Debug|Any CPU
		{485F2A5E-ED0D-477E-938A-5B9C229FE52A}.Debug|x86.ActiveCfg = Debug|Any CPU
		{485F2A5E-ED0D-477E-938A-5B9C229FE52A}.Debug|x86.Build.0 = Debug|Any CPU
		{485F2A5E-ED0D-477E-938A-5B9C229FE52A}.Release|Any CPU.ActiveCfg = Release|Any CPU
		{485F2A5E-ED0D-477E-938A-5B9C229FE52A}.Release|Any CPU.Build.0 = Release|Any CPU
		{485F2A5E-ED0D-477E-938A-5B9C229FE52A}.Release|x86.ActiveCfg = Release|Any CPU
		{485F2A5E-ED0D-477E-938A-5B9C229FE52A}.Release|x86.Build.0 = Release|Any CPU
		{6AB1227A-CAC6-4473-A546-3A303553F710}.Debug|Any CPU.ActiveCfg = Debug|Any CPU
		{6AB1227A-CAC6-4473-A546-3A303553F710}.Debug|Any CPU.Build.0 = Debug|Any CPU
		{6AB1227A-CAC6-4473-A546-3A303553F710}.Debug|x86.ActiveCfg = Debug|Any CPU
		{6AB1227A-CAC6-4473-A546-3A303553F710}.Debug|x86.Build.0 = Debug|Any CPU
		{6AB1227A-CAC6-4473-A546-3A303553F710}.Release|Any CPU.ActiveCfg = Release|Any CPU
		{6AB1227A-CAC6-4473-A546-3A303553F710}.Release|Any CPU.Build.0 = Release|Any CPU
		{6AB1227A-CAC6-4473-A546-3A303553F710}.Release|x86.ActiveCfg = Release|Any CPU
		{6AB1227A-CAC6-4473-A546-3A303553F710}.Release|x86.Build.0 = Release|Any CPU
		{B53ECBB1-C462-417E-A95B-01D1ECCF01C6}.Debug|Any CPU.ActiveCfg = Debug|Any CPU
		{B53ECBB1-C462-417E-A95B-01D1ECCF01C6}.Debug|Any CPU.Build.0 = Debug|Any CPU
		{B53ECBB1-C462-417E-A95B-01D1ECCF01C6}.Debug|x86.ActiveCfg = Debug|Any CPU
		{B53ECBB1-C462-417E-A95B-01D1ECCF01C6}.Debug|x86.Build.0 = Debug|Any CPU
		{B53ECBB1-C462-417E-A95B-01D1ECCF01C6}.Release|Any CPU.ActiveCfg = Release|Any CPU
		{B53ECBB1-C462-417E-A95B-01D1ECCF01C6}.Release|Any CPU.Build.0 = Release|Any CPU
		{B53ECBB1-C462-417E-A95B-01D1ECCF01C6}.Release|x86.ActiveCfg = Release|Any CPU
		{B53ECBB1-C462-417E-A95B-01D1ECCF01C6}.Release|x86.Build.0 = Release|Any CPU
	EndGlobalSection
	GlobalSection(SolutionProperties) = preSolution
		HideSolutionNode = FALSE
	EndGlobalSection
	GlobalSection(NestedProjects) = preSolution
		{19AE7149-2C57-4B67-9F3A-334B36E25037} = {95B46BA0-BC53-42B6-A857-0BD6620341A7}
		{AF6BEBAB-33E0-41FE-B0A5-8E96CFF82884} = {95B46BA0-BC53-42B6-A857-0BD6620341A7}
		{271CD661-416A-4859-B786-226A5E8601E7} = {BEB57843-8BFD-49DC-BD4C-2A084983BAAC}
		{D27FF620-ED05-4BB7-8ACB-37C0D4553E0B} = {FA484C74-B838-4FED-88A1-A10A6E7157F8}
		{89CF4852-D982-44B1-96C5-E0A88D5AA6D6} = {903DF550-D3B7-443A-AA1C-C47F394F8F2D}
		{CF50DAC2-C48A-4C30-B903-84D55CE3F2BD} = {69005D3F-E6D1-415F-8417-47870189952F}
		{1D5DA60E-9BAA-49C2-ADAF-C21D53BC4656} = {8BFC16D3-2CFA-4BE0-B8C2-84797A5131A3}
		{2C3EC56F-915E-4E01-BF79-9F033AEFC359} = {A8408B97-B3F9-4BF6-A238-4A63713D23DE}
		{58EFCE48-AFFA-4469-885A-A89A853264B4} = {20EAF7FA-12A3-486B-A14C-23DC5BA451C1}
		{216FF00B-16CD-4380-AFA7-B3754048A642} = {E8257C84-CD1F-4950-9C46-B4159FBDBCA5}
		{485F2A5E-ED0D-477E-938A-5B9C229FE52A} = {3EE6C1F8-6FEB-45E4-A920-82F391F0A1FB}
		{6AB1227A-CAC6-4473-A546-3A303553F710} = {E9CA2C2C-A239-4FB2-B1DE-30B9015534E0}
		{B53ECBB1-C462-417E-A95B-01D1ECCF01C6} = {70A335FB-C901-40F5-BDAF-2F56EB661751}
	EndGlobalSection
	GlobalSection(ExtensibilityGlobals) = postSolution
		SolutionGuid = {60018E60-B229-478D-9025-7B379382EE68}
	EndGlobalSection
EndGlobal
